// !$*UTF8*$!
{
	archiveVersion = 1;
	classes = {
	};
	objectVersion = 46;
	objects = {

/* Begin PBXBuildFile section */
		777D995B1E32CD8E005241AB /* AppDelegate.swift in Sources */ = {isa = PBXBuildFile; fileRef = 777D995A1E32CD8E005241AB /* AppDelegate.swift */; };
		777D995D1E32CD8E005241AB /* ViewController.swift in Sources */ = {isa = PBXBuildFile; fileRef = 777D995C1E32CD8E005241AB /* ViewController.swift */; };
		777D99601E32CD8E005241AB /* Main.storyboard in Resources */ = {isa = PBXBuildFile; fileRef = 777D995E1E32CD8E005241AB /* Main.storyboard */; };
		777D99621E32CD8E005241AB /* Assets.xcassets in Resources */ = {isa = PBXBuildFile; fileRef = 777D99611E32CD8E005241AB /* Assets.xcassets */; };
		777D99651E32CD8E005241AB /* LaunchScreen.storyboard in Resources */ = {isa = PBXBuildFile; fileRef = 777D99631E32CD8E005241AB /* LaunchScreen.storyboard */; };
		777D99701E32CD8E005241AB /* viewcontrollers_seaqueTests.swift in Sources */ = {isa = PBXBuildFile; fileRef = 777D996F1E32CD8E005241AB /* viewcontrollers_seaqueTests.swift */; };
		777D997B1E32CD8E005241AB /* viewcontrollers_seaqueUITests.swift in Sources */ = {isa = PBXBuildFile; fileRef = 777D997A1E32CD8E005241AB /* viewcontrollers_seaqueUITests.swift */; };
/* End PBXBuildFile section */

/* Begin PBXContainerItemProxy section */
		777D996C1E32CD8E005241AB /* PBXContainerItemProxy */ = {
			isa = PBXContainerItemProxy;
			containerPortal = 777D994F1E32CD8E005241AB /* Project object */;
			proxyType = 1;
			remoteGlobalIDString = 777D99561E32CD8E005241AB;
			remoteInfo = viewcontrollers_seaque;
		};
		777D99771E32CD8E005241AB /* PBXContainerItemProxy */ = {
			isa = PBXContainerItemProxy;
			containerPortal = 777D994F1E32CD8E005241AB /* Project object */;
			proxyType = 1;
			remoteGlobalIDString = 777D99561E32CD8E005241AB;
			remoteInfo = viewcontrollers_seaque;
		};
/* End PBXContainerItemProxy section */

/* Begin PBXFileReference section */
		777D99571E32CD8E005241AB /* viewcontrollers_seaque.app */ = {isa = PBXFileReference; explicitFileType = wrapper.application; includeInIndex = 0; path = viewcontrollers_seaque.app; sourceTree = BUILT_PRODUCTS_DIR; };
		777D995A1E32CD8E005241AB /* AppDelegate.swift */ = {isa = PBXFileReference; lastKnownFileType = sourcecode.swift; path = AppDelegate.swift; sourceTree = "<group>"; };
		777D995C1E32CD8E005241AB /* ViewController.swift */ = {isa = PBXFileReference; lastKnownFileType = sourcecode.swift; path = ViewController.swift; sourceTree = "<group>"; };
		777D995F1E32CD8E005241AB /* Base */ = {isa = PBXFileReference; lastKnownFileType = file.storyboard; name = Base; path = Base.lproj/Main.storyboard; sourceTree = "<group>"; };
		777D99611E32CD8E005241AB /* Assets.xcassets */ = {isa = PBXFileReference; lastKnownFileType = folder.assetcatalog; path = Assets.xcassets; sourceTree = "<group>"; };
		777D99641E32CD8E005241AB /* Base */ = {isa = PBXFileReference; lastKnownFileType = file.storyboard; name = Base; path = Base.lproj/LaunchScreen.storyboard; sourceTree = "<group>"; };
		777D99661E32CD8E005241AB /* Info.plist */ = {isa = PBXFileReference; lastKnownFileType = text.plist.xml; path = Info.plist; sourceTree = "<group>"; };
		777D996B1E32CD8E005241AB /* viewcontrollers_seaqueTests.xctest */ = {isa = PBXFileReference; explicitFileType = wrapper.cfbundle; includeInIndex = 0; path = viewcontrollers_seaqueTests.xctest; sourceTree = BUILT_PRODUCTS_DIR; };
		777D996F1E32CD8E005241AB /* viewcontrollers_seaqueTests.swift */ = {isa = PBXFileReference; lastKnownFileType = sourcecode.swift; path = viewcontrollers_seaqueTests.swift; sourceTree = "<group>"; };
		777D99711E32CD8E005241AB /* Info.plist */ = {isa = PBXFileReference; lastKnownFileType = text.plist.xml; path = Info.plist; sourceTree = "<group>"; };
		777D99761E32CD8E005241AB /* viewcontrollers_seaqueUITests.xctest */ = {isa = PBXFileReference; explicitFileType = wrapper.cfbundle; includeInIndex = 0; path = viewcontrollers_seaqueUITests.xctest; sourceTree = BUILT_PRODUCTS_DIR; };
		777D997A1E32CD8E005241AB /* viewcontrollers_seaqueUITests.swift */ = {isa = PBXFileReference; lastKnownFileType = sourcecode.swift; path = viewcontrollers_seaqueUITests.swift; sourceTree = "<group>"; };
		777D997C1E32CD8E005241AB /* Info.plist */ = {isa = PBXFileReference; lastKnownFileType = text.plist.xml; path = Info.plist; sourceTree = "<group>"; };
/* End PBXFileReference section */

/* Begin PBXFrameworksBuildPhase section */
		777D99541E32CD8E005241AB /* Frameworks */ = {
			isa = PBXFrameworksBuildPhase;
			buildActionMask = 2147483647;
			files = (
			);
			runOnlyForDeploymentPostprocessing = 0;
		};
		777D99681E32CD8E005241AB /* Frameworks */ = {
			isa = PBXFrameworksBuildPhase;
			buildActionMask = 2147483647;
			files = (
			);
			runOnlyForDeploymentPostprocessing = 0;
		};
		777D99731E32CD8E005241AB /* Frameworks */ = {
			isa = PBXFrameworksBuildPhase;
			buildActionMask = 2147483647;
			files = (
			);
			runOnlyForDeploymentPostprocessing = 0;
		};
/* End PBXFrameworksBuildPhase section */

/* Begin PBXGroup section */
		777D994E1E32CD8E005241AB = {
			isa = PBXGroup;
			children = (
				777D99591E32CD8E005241AB /* viewcontrollers_seaque */,
				777D996E1E32CD8E005241AB /* viewcontrollers_seaqueTests */,
				777D99791E32CD8E005241AB /* viewcontrollers_seaqueUITests */,
				777D99581E32CD8E005241AB /* Products */,
			);
			sourceTree = "<group>";
		};
		777D99581E32CD8E005241AB /* Products */ = {
			isa = PBXGroup;
			children = (
				777D99571E32CD8E005241AB /* viewcontrollers_seaque.app */,
				777D996B1E32CD8E005241AB /* viewcontrollers_seaqueTests.xctest */,
				777D99761E32CD8E005241AB /* viewcontrollers_seaqueUITests.xctest */,
			);
			name = Products;
			sourceTree = "<group>";
		};
		777D99591E32CD8E005241AB /* viewcontrollers_seaque */ = {
			isa = PBXGroup;
			children = (
				777D995A1E32CD8E005241AB /* AppDelegate.swift */,
				777D995C1E32CD8E005241AB /* ViewController.swift */,
				777D995E1E32CD8E005241AB /* Main.storyboard */,
				777D99611E32CD8E005241AB /* Assets.xcassets */,
				777D99631E32CD8E005241AB /* LaunchScreen.storyboard */,
				777D99661E32CD8E005241AB /* Info.plist */,
			);
			path = viewcontrollers_seaque;
			sourceTree = "<group>";
		};
		777D996E1E32CD8E005241AB /* viewcontrollers_seaqueTests */ = {
			isa = PBXGroup;
			children = (
				777D996F1E32CD8E005241AB /* viewcontrollers_seaqueTests.swift */,
				777D99711E32CD8E005241AB /* Info.plist */,
			);
			path = viewcontrollers_seaqueTests;
			sourceTree = "<group>";
		};
		777D99791E32CD8E005241AB /* viewcontrollers_seaqueUITests */ = {
			isa = PBXGroup;
			children = (
				777D997A1E32CD8E005241AB /* viewcontrollers_seaqueUITests.swift */,
				777D997C1E32CD8E005241AB /* Info.plist */,
			);
			path = viewcontrollers_seaqueUITests;
			sourceTree = "<group>";
		};
/* End PBXGroup section */

/* Begin PBXNativeTarget section */
		777D99561E32CD8E005241AB /* viewcontrollers_seaque */ = {
			isa = PBXNativeTarget;
			buildConfigurationList = 777D997F1E32CD8E005241AB /* Build configuration list for PBXNativeTarget "viewcontrollers_seaque" */;
			buildPhases = (
				777D99531E32CD8E005241AB /* Sources */,
				777D99541E32CD8E005241AB /* Frameworks */,
				777D99551E32CD8E005241AB /* Resources */,
			);
			buildRules = (
			);
			dependencies = (
			);
			name = viewcontrollers_seaque;
			productName = viewcontrollers_seaque;
			productReference = 777D99571E32CD8E005241AB /* viewcontrollers_seaque.app */;
			productType = "com.apple.product-type.application";
		};
		777D996A1E32CD8E005241AB /* viewcontrollers_seaqueTests */ = {
			isa = PBXNativeTarget;
			buildConfigurationList = 777D99821E32CD8E005241AB /* Build configuration list for PBXNativeTarget "viewcontrollers_seaqueTests" */;
			buildPhases = (
				777D99671E32CD8E005241AB /* Sources */,
				777D99681E32CD8E005241AB /* Frameworks */,
				777D99691E32CD8E005241AB /* Resources */,
			);
			buildRules = (
			);
			dependencies = (
				777D996D1E32CD8E005241AB /* PBXTargetDependency */,
			);
			name = viewcontrollers_seaqueTests;
			productName = viewcontrollers_seaqueTests;
			productReference = 777D996B1E32CD8E005241AB /* viewcontrollers_seaqueTests.xctest */;
			productType = "com.apple.product-type.bundle.unit-test";
		};
		777D99751E32CD8E005241AB /* viewcontrollers_seaqueUITests */ = {
			isa = PBXNativeTarget;
			buildConfigurationList = 777D99851E32CD8E005241AB /* Build configuration list for PBXNativeTarget "viewcontrollers_seaqueUITests" */;
			buildPhases = (
				777D99721E32CD8E005241AB /* Sources */,
				777D99731E32CD8E005241AB /* Frameworks */,
				777D99741E32CD8E005241AB /* Resources */,
			);
			buildRules = (
			);
			dependencies = (
				777D99781E32CD8E005241AB /* PBXTargetDependency */,
			);
			name = viewcontrollers_seaqueUITests;
			productName = viewcontrollers_seaqueUITests;
			productReference = 777D99761E32CD8E005241AB /* viewcontrollers_seaqueUITests.xctest */;
			productType = "com.apple.product-type.bundle.ui-testing";
		};
/* End PBXNativeTarget section */

/* Begin PBXProject section */
		777D994F1E32CD8E005241AB /* Project object */ = {
			isa = PBXProject;
			attributes = {
				LastSwiftUpdateCheck = 0820;
				LastUpgradeCheck = 0820;
				ORGANIZATIONNAME = "Vignesh Ravichandran";
				TargetAttributes = {
					777D99561E32CD8E005241AB = {
						CreatedOnToolsVersion = 8.2.1;
						ProvisioningStyle = Automatic;
					};
					777D996A1E32CD8E005241AB = {
						CreatedOnToolsVersion = 8.2.1;
						ProvisioningStyle = Automatic;
						TestTargetID = 777D99561E32CD8E005241AB;
					};
					777D99751E32CD8E005241AB = {
						CreatedOnToolsVersion = 8.2.1;
						ProvisioningStyle = Automatic;
						TestTargetID = 777D99561E32CD8E005241AB;
					};
				};
			};
			buildConfigurationList = 777D99521E32CD8E005241AB /* Build configuration list for PBXProject "viewcontrollers_seaque" */;
			compatibilityVersion = "Xcode 3.2";
			developmentRegion = English;
			hasScannedForEncodings = 0;
			knownRegions = (
				en,
				Base,
			);
			mainGroup = 777D994E1E32CD8E005241AB;
			productRefGroup = 777D99581E32CD8E005241AB /* Products */;
			projectDirPath = "";
			projectRoot = "";
			targets = (
				777D99561E32CD8E005241AB /* viewcontrollers_seaque */,
				777D996A1E32CD8E005241AB /* viewcontrollers_seaqueTests */,
				777D99751E32CD8E005241AB /* viewcontrollers_seaqueUITests */,
			);
		};
/* End PBXProject section */

/* Begin PBXResourcesBuildPhase section */
		777D99551E32CD8E005241AB /* Resources */ = {
			isa = PBXResourcesBuildPhase;
			buildActionMask = 2147483647;
			files = (
				777D99651E32CD8E005241AB /* LaunchScreen.storyboard in Resources */,
				777D99621E32CD8E005241AB /* Assets.xcassets in Resources */,
				777D99601E32CD8E005241AB /* Main.storyboard in Resources */,
			);
			runOnlyForDeploymentPostprocessing = 0;
		};
		777D99691E32CD8E005241AB /* Resources */ = {
			isa = PBXResourcesBuildPhase;
			buildActionMask = 2147483647;
			files = (
			);
			runOnlyForDeploymentPostprocessing = 0;
		};
		777D99741E32CD8E005241AB /* Resources */ = {
			isa = PBXResourcesBuildPhase;
			buildActionMask = 2147483647;
			files = (
			);
			runOnlyForDeploymentPostprocessing = 0;
		};
/* End PBXResourcesBuildPhase section */

/* Begin PBXSourcesBuildPhase section */
		777D99531E32CD8E005241AB /* Sources */ = {
			isa = PBXSourcesBuildPhase;
			buildActionMask = 2147483647;
			files = (
				777D995D1E32CD8E005241AB /* ViewController.swift in Sources */,
				777D995B1E32CD8E005241AB /* AppDelegate.swift in Sources */,
			);
			runOnlyForDeploymentPostprocessing = 0;
		};
		777D99671E32CD8E005241AB /* Sources */ = {
			isa = PBXSourcesBuildPhase;
			buildActionMask = 2147483647;
			files = (
				777D99701E32CD8E005241AB /* viewcontrollers_seaqueTests.swift in Sources */,
			);
			runOnlyForDeploymentPostprocessing = 0;
		};
		777D99721E32CD8E005241AB /* Sources */ = {
			isa = PBXSourcesBuildPhase;
			buildActionMask = 2147483647;
			files = (
				777D997B1E32CD8E005241AB /* viewcontrollers_seaqueUITests.swift in Sources */,
			);
			runOnlyForDeploymentPostprocessing = 0;
		};
/* End PBXSourcesBuildPhase section */

/* Begin PBXTargetDependency section */
		777D996D1E32CD8E005241AB /* PBXTargetDependency */ = {
			isa = PBXTargetDependency;
			target = 777D99561E32CD8E005241AB /* viewcontrollers_seaque */;
			targetProxy = 777D996C1E32CD8E005241AB /* PBXContainerItemProxy */;
		};
		777D99781E32CD8E005241AB /* PBXTargetDependency */ = {
			isa = PBXTargetDependency;
			target = 777D99561E32CD8E005241AB /* viewcontrollers_seaque */;
			targetProxy = 777D99771E32CD8E005241AB /* PBXContainerItemProxy */;
		};
/* End PBXTargetDependency section */

/* Begin PBXVariantGroup section */
		777D995E1E32CD8E005241AB /* Main.storyboard */ = {
			isa = PBXVariantGroup;
			children = (
				777D995F1E32CD8E005241AB /* Base */,
			);
			name = Main.storyboard;
			sourceTree = "<group>";
		};
		777D99631E32CD8E005241AB /* LaunchScreen.storyboard */ = {
			isa = PBXVariantGroup;
			children = (
				777D99641E32CD8E005241AB /* Base */,
			);
			name = LaunchScreen.storyboard;
			sourceTree = "<group>";
		};
/* End PBXVariantGroup section */

/* Begin XCBuildConfiguration section */
		777D997D1E32CD8E005241AB /* Debug */ = {
			isa = XCBuildConfiguration;
			buildSettings = {
				ALWAYS_SEARCH_USER_PATHS = NO;
				CLANG_ANALYZER_NONNULL = YES;
				CLANG_CXX_LANGUAGE_STANDARD = "gnu++0x";
				CLANG_CXX_LIBRARY = "libc++";
				CLANG_ENABLE_MODULES = YES;
				CLANG_ENABLE_OBJC_ARC = YES;
				CLANG_WARN_BOOL_CONVERSION = YES;
				CLANG_WARN_CONSTANT_CONVERSION = YES;
				CLANG_WARN_DIRECT_OBJC_ISA_USAGE = YES_ERROR;
				CLANG_WARN_DOCUMENTATION_COMMENTS = YES;
				CLANG_WARN_EMPTY_BODY = YES;
				CLANG_WARN_ENUM_CONVERSION = YES;
				CLANG_WARN_INFINITE_RECURSION = YES;
				CLANG_WARN_INT_CONVERSION = YES;
				CLANG_WARN_OBJC_ROOT_CLASS = YES_ERROR;
				CLANG_WARN_SUSPICIOUS_MOVE = YES;
				CLANG_WARN_UNREACHABLE_CODE = YES;
				CLANG_WARN__DUPLICATE_METHOD_MATCH = YES;
				"CODE_SIGN_IDENTITY[sdk=iphoneos*]" = "iPhone Developer";
				COPY_PHASE_STRIP = NO;
				DEBUG_INFORMATION_FORMAT = dwarf;
				ENABLE_STRICT_OBJC_MSGSEND = YES;
				ENABLE_TESTABILITY = YES;
				GCC_C_LANGUAGE_STANDARD = gnu99;
				GCC_DYNAMIC_NO_PIC = NO;
				GCC_NO_COMMON_BLOCKS = YES;
				GCC_OPTIMIZATION_LEVEL = 0;
				GCC_PREPROCESSOR_DEFINITIONS = (
					"DEBUG=1",
					"$(inherited)",
				);
				GCC_WARN_64_TO_32_BIT_CONVERSION = YES;
				GCC_WARN_ABOUT_RETURN_TYPE = YES_ERROR;
				GCC_WARN_UNDECLARED_SELECTOR = YES;
				GCC_WARN_UNINITIALIZED_AUTOS = YES_AGGRESSIVE;
				GCC_WARN_UNUSED_FUNCTION = YES;
				GCC_WARN_UNUSED_VARIABLE = YES;
				IPHONEOS_DEPLOYMENT_TARGET = 10.2;
				MTL_ENABLE_DEBUG_INFO = YES;
				ONLY_ACTIVE_ARCH = YES;
				SDKROOT = iphoneos;
				SWIFT_ACTIVE_COMPILATION_CONDITIONS = DEBUG;
				SWIFT_OPTIMIZATION_LEVEL = "-Onone";
				TARGETED_DEVICE_FAMILY = "1,2";
			};
			name = Debug;
		};
		777D997E1E32CD8E005241AB /* Release */ = {
			isa = XCBuildConfiguration;
			buildSettings = {
				ALWAYS_SEARCH_USER_PATHS = NO;
				CLANG_ANALYZER_NONNULL = YES;
				CLANG_CXX_LANGUAGE_STANDARD = "gnu++0x";
				CLANG_CXX_LIBRARY = "libc++";
				CLANG_ENABLE_MODULES = YES;
				CLANG_ENABLE_OBJC_ARC = YES;
				CLANG_WARN_BOOL_CONVERSION = YES;
				CLANG_WARN_CONSTANT_CONVERSION = YES;
				CLANG_WARN_DIRECT_OBJC_ISA_USAGE = YES_ERROR;
				CLANG_WARN_DOCUMENTATION_COMMENTS = YES;
				CLANG_WARN_EMPTY_BODY = YES;
				CLANG_WARN_ENUM_CONVERSION = YES;
				CLANG_WARN_INFINITE_RECURSION = YES;
				CLANG_WARN_INT_CONVERSION = YES;
				CLANG_WARN_OBJC_ROOT_CLASS = YES_ERROR;
				CLANG_WARN_SUSPICIOUS_MOVE = YES;
				CLANG_WARN_UNREACHABLE_CODE = YES;
				CLANG_WARN__DUPLICATE_METHOD_MATCH = YES;
				"CODE_SIGN_IDENTITY[sdk=iphoneos*]" = "iPhone Developer";
				COPY_PHASE_STRIP = NO;
				DEBUG_INFORMATION_FORMAT = "dwarf-with-dsym";
				ENABLE_NS_ASSERTIONS = NO;
				ENABLE_STRICT_OBJC_MSGSEND = YES;
				GCC_C_LANGUAGE_STANDARD = gnu99;
				GCC_NO_COMMON_BLOCKS = YES;
				GCC_WARN_64_TO_32_BIT_CONVERSION = YES;
				GCC_WARN_ABOUT_RETURN_TYPE = YES_ERROR;
				GCC_WARN_UNDECLARED_SELECTOR = YES;
				GCC_WARN_UNINITIALIZED_AUTOS = YES_AGGRESSIVE;
				GCC_WARN_UNUSED_FUNCTION = YES;
				GCC_WARN_UNUSED_VARIABLE = YES;
				IPHONEOS_DEPLOYMENT_TARGET = 10.2;
				MTL_ENABLE_DEBUG_INFO = NO;
				SDKROOT = iphoneos;
				SWIFT_OPTIMIZATION_LEVEL = "-Owholemodule";
				TARGETED_DEVICE_FAMILY = "1,2";
				VALIDATE_PRODUCT = YES;
			};
			name = Release;
		};
		777D99801E32CD8E005241AB /* Debug */ = {
			isa = XCBuildConfiguration;
			buildSettings = {
				ASSETCATALOG_COMPILER_APPICON_NAME = AppIcon;
				INFOPLIST_FILE = viewcontrollers_seaque/Info.plist;
				LD_RUNPATH_SEARCH_PATHS = "$(inherited) @executable_path/Frameworks";
				PRODUCT_BUNDLE_IDENTIFIER = "HorizonTechnologies.viewcontrollers-seaque";
				PRODUCT_NAME = "$(TARGET_NAME)";
				SWIFT_VERSION = 3.0;
			};
			name = Debug;
		};
		777D99811E32CD8E005241AB /* Release */ = {
			isa = XCBuildConfiguration;
			buildSettings = {
				ASSETCATALOG_COMPILER_APPICON_NAME = AppIcon;
				INFOPLIST_FILE = viewcontrollers_seaque/Info.plist;
				LD_RUNPATH_SEARCH_PATHS = "$(inherited) @executable_path/Frameworks";
				PRODUCT_BUNDLE_IDENTIFIER = "HorizonTechnologies.viewcontrollers-seaque";
				PRODUCT_NAME = "$(TARGET_NAME)";
				SWIFT_VERSION = 3.0;
			};
			name = Release;
		};
		777D99831E32CD8E005241AB /* Debug */ = {
			isa = XCBuildConfiguration;
			buildSettings = {
				ALWAYS_EMBED_SWIFT_STANDARD_LIBRARIES = YES;
				BUNDLE_LOADER = "$(TEST_HOST)";
				INFOPLIST_FILE = viewcontrollers_seaqueTests/Info.plist;
				LD_RUNPATH_SEARCH_PATHS = "$(inherited) @executable_path/Frameworks @loader_path/Frameworks";
				PRODUCT_BUNDLE_IDENTIFIER = "HorizonTechnologies.viewcontrollers-seaqueTests";
				PRODUCT_NAME = "$(TARGET_NAME)";
				SWIFT_VERSION = 3.0;
				TEST_HOST = "$(BUILT_PRODUCTS_DIR)/viewcontrollers_seaque.app/viewcontrollers_seaque";
			};
			name = Debug;
		};
		777D99841E32CD8E005241AB /* Release */ = {
			isa = XCBuildConfiguration;
			buildSettings = {
				ALWAYS_EMBED_SWIFT_STANDARD_LIBRARIES = YES;
				BUNDLE_LOADER = "$(TEST_HOST)";
				INFOPLIST_FILE = viewcontrollers_seaqueTests/Info.plist;
				LD_RUNPATH_SEARCH_PATHS = "$(inherited) @executable_path/Frameworks @loader_path/Frameworks";
				PRODUCT_BUNDLE_IDENTIFIER = "HorizonTechnologies.viewcontrollers-seaqueTests";
				PRODUCT_NAME = "$(TARGET_NAME)";
				SWIFT_VERSION = 3.0;
				TEST_HOST = "$(BUILT_PRODUCTS_DIR)/viewcontrollers_seaque.app/viewcontrollers_seaque";
			};
			name = Release;
		};
		777D99861E32CD8E005241AB /* Debug */ = {
			isa = XCBuildConfiguration;
			buildSettings = {
				ALWAYS_EMBED_SWIFT_STANDARD_LIBRARIES = YES;
				INFOPLIST_FILE = viewcontrollers_seaqueUITests/Info.plist;
				LD_RUNPATH_SEARCH_PATHS = "$(inherited) @executable_path/Frameworks @loader_path/Frameworks";
				PRODUCT_BUNDLE_IDENTIFIER = "HorizonTechnologies.viewcontrollers-seaqueUITests";
				PRODUCT_NAME = "$(TARGET_NAME)";
				SWIFT_VERSION = 3.0;
				TEST_TARGET_NAME = viewcontrollers_seaque;
			};
			name = Debug;
		};
		777D99871E32CD8E005241AB /* Release */ = {
			isa = XCBuildConfiguration;
			buildSettings = {
				ALWAYS_EMBED_SWIFT_STANDARD_LIBRARIES = YES;
				INFOPLIST_FILE = viewcontrollers_seaqueUITests/Info.plist;
				LD_RUNPATH_SEARCH_PATHS = "$(inherited) @executable_path/Frameworks @loader_path/Frameworks";
				PRODUCT_BUNDLE_IDENTIFIER = "HorizonTechnologies.viewcontrollers-seaqueUITests";
				PRODUCT_NAME = "$(TARGET_NAME)";
				SWIFT_VERSION = 3.0;
				TEST_TARGET_NAME = viewcontrollers_seaque;
			};
			name = Release;
		};
/* End XCBuildConfiguration section */

/* Begin XCConfigurationList section */
		777D99521E32CD8E005241AB /* Build configuration list for PBXProject "viewcontrollers_seaque" */ = {
			isa = XCConfigurationList;
			buildConfigurations = (
				777D997D1E32CD8E005241AB /* Debug */,
				777D997E1E32CD8E005241AB /* Release */,
			);
			defaultConfigurationIsVisible = 0;
			defaultConfigurationName = Release;
		};
		777D997F1E32CD8E005241AB /* Build configuration list for PBXNativeTarget "viewcontrollers_seaque" */ = {
			isa = XCConfigurationList;
			buildConfigurations = (
				777D99801E32CD8E005241AB /* Debug */,
				777D99811E32CD8E005241AB /* Release */,
			);
			defaultConfigurationIsVisible = 0;
		};
		777D99821E32CD8E005241AB /* Build configuration list for PBXNativeTarget "viewcontrollers_seaqueTests" */ = {
			isa = XCConfigurationList;
			buildConfigurations = (
				777D99831E32CD8E005241AB /* Debug */,
				777D99841E32CD8E005241AB /* Release */,
			);
			defaultConfigurationIsVisible = 0;
		};
		777D99851E32CD8E005241AB /* Build configuration list for PBXNativeTarget "viewcontrollers_seaqueUITests" */ = {
			isa = XCConfigurationList;
			buildConfigurations = (
				777D99861E32CD8E005241AB /* Debug */,
				777D99871E32CD8E005241AB /* Release */,
			);
			defaultConfigurationIsVisible = 0;
		};
/* End XCConfigurationList section */
	};
	rootObject = 777D994F1E32CD8E005241AB /* Project object */;
}
